// !$*UTF8*$!
{
	archiveVersion = 1;
	classes = {
	};
	objectVersion = 52;
	objects = {

/* Begin PBXBuildFile section */
		8333E1DE2568CAA700A5F79E /* AppDelegate.swift in Sources */ = {isa = PBXBuildFile; fileRef = 8333E1DD2568CAA700A5F79E /* AppDelegate.swift */; };
		8333E1E02568CAA700A5F79E /* SceneDelegate.swift in Sources */ = {isa = PBXBuildFile; fileRef = 8333E1DF2568CAA700A5F79E /* SceneDelegate.swift */; };
		8333E1E22568CAA700A5F79E /* ViewController.swift in Sources */ = {isa = PBXBuildFile; fileRef = 8333E1E12568CAA700A5F79E /* ViewController.swift */; };
		8333E1E52568CAA700A5F79E /* Main.storyboard in Resources */ = {isa = PBXBuildFile; fileRef = 8333E1E32568CAA700A5F79E /* Main.storyboard */; };
		8333E1E72568CAA900A5F79E /* Assets.xcassets in Resources */ = {isa = PBXBuildFile; fileRef = 8333E1E62568CAA900A5F79E /* Assets.xcassets */; };
		8333E1EA2568CAA900A5F79E /* LaunchScreen.storyboard in Resources */ = {isa = PBXBuildFile; fileRef = 8333E1E82568CAA900A5F79E /* LaunchScreen.storyboard */; };
		8333E1F42568CBA800A5F79E /* SMLinkPreview in Frameworks */ = {isa = PBXBuildFile; productRef = 8333E1F32568CBA800A5F79E /* SMLinkPreview */; };
		8333E1F82568CBC500A5F79E /* LinkPreviewCell.xib in Resources */ = {isa = PBXBuildFile; fileRef = 8333E1F62568CBC500A5F79E /* LinkPreviewCell.xib */; };
		8333E1F92568CBC500A5F79E /* LinkPreviewCell.swift in Sources */ = {isa = PBXBuildFile; fileRef = 8333E1F72568CBC500A5F79E /* LinkPreviewCell.swift */; };
/* End PBXBuildFile section */

/* Begin PBXFileReference section */
		8333E1DA2568CAA700A5F79E /* SMLinkPreview-SPM-Example.app */ = {isa = PBXFileReference; explicitFileType = wrapper.application; includeInIndex = 0; path = "SMLinkPreview-SPM-Example.app"; sourceTree = BUILT_PRODUCTS_DIR; };
		8333E1DD2568CAA700A5F79E /* AppDelegate.swift */ = {isa = PBXFileReference; lastKnownFileType = sourcecode.swift; path = AppDelegate.swift; sourceTree = "<group>"; };
		8333E1DF2568CAA700A5F79E /* SceneDelegate.swift */ = {isa = PBXFileReference; lastKnownFileType = sourcecode.swift; path = SceneDelegate.swift; sourceTree = "<group>"; };
		8333E1E12568CAA700A5F79E /* ViewController.swift */ = {isa = PBXFileReference; lastKnownFileType = sourcecode.swift; path = ViewController.swift; sourceTree = "<group>"; };
		8333E1E42568CAA700A5F79E /* Base */ = {isa = PBXFileReference; lastKnownFileType = file.storyboard; name = Base; path = Base.lproj/Main.storyboard; sourceTree = "<group>"; };
		8333E1E62568CAA900A5F79E /* Assets.xcassets */ = {isa = PBXFileReference; lastKnownFileType = folder.assetcatalog; path = Assets.xcassets; sourceTree = "<group>"; };
		8333E1E92568CAA900A5F79E /* Base */ = {isa = PBXFileReference; lastKnownFileType = file.storyboard; name = Base; path = Base.lproj/LaunchScreen.storyboard; sourceTree = "<group>"; };
		8333E1EB2568CAA900A5F79E /* Info.plist */ = {isa = PBXFileReference; lastKnownFileType = text.plist.xml; path = Info.plist; sourceTree = "<group>"; };
		8333E1F62568CBC500A5F79E /* LinkPreviewCell.xib */ = {isa = PBXFileReference; fileEncoding = 4; lastKnownFileType = file.xib; path = LinkPreviewCell.xib; sourceTree = "<group>"; };
		8333E1F72568CBC500A5F79E /* LinkPreviewCell.swift */ = {isa = PBXFileReference; fileEncoding = 4; lastKnownFileType = sourcecode.swift; path = LinkPreviewCell.swift; sourceTree = "<group>"; };
		8333E1FC2568CDDC00A5F79E /* SMLinkPreview */ = {isa = PBXFileReference; lastKnownFileType = folder; name = SMLinkPreview; path = ../..; sourceTree = "<group>"; };
/* End PBXFileReference section */

/* Begin PBXFrameworksBuildPhase section */
		8333E1D72568CAA700A5F79E /* Frameworks */ = {
			isa = PBXFrameworksBuildPhase;
			buildActionMask = 2147483647;
			files = (
				8333E1F42568CBA800A5F79E /* SMLinkPreview in Frameworks */,
			);
			runOnlyForDeploymentPostprocessing = 0;
		};
/* End PBXFrameworksBuildPhase section */

/* Begin PBXGroup section */
		8333E1D12568CAA700A5F79E = {
			isa = PBXGroup;
			children = (
				8333E1FB2568CDB600A5F79E /* Local Packages */,
				8333E1DC2568CAA700A5F79E /* SMLinkPreview-SPM-Example */,
				8333E1DB2568CAA700A5F79E /* Products */,
			);
			sourceTree = "<group>";
		};
		8333E1DB2568CAA700A5F79E /* Products */ = {
			isa = PBXGroup;
			children = (
				8333E1DA2568CAA700A5F79E /* SMLinkPreview-SPM-Example.app */,
			);
			name = Products;
			sourceTree = "<group>";
		};
		8333E1DC2568CAA700A5F79E /* SMLinkPreview-SPM-Example */ = {
			isa = PBXGroup;
			children = (
				8333E1DD2568CAA700A5F79E /* AppDelegate.swift */,
				8333E1DF2568CAA700A5F79E /* SceneDelegate.swift */,
				8333E1F72568CBC500A5F79E /* LinkPreviewCell.swift */,
				8333E1F62568CBC500A5F79E /* LinkPreviewCell.xib */,
				8333E1E12568CAA700A5F79E /* ViewController.swift */,
				8333E1E32568CAA700A5F79E /* Main.storyboard */,
				8333E1E62568CAA900A5F79E /* Assets.xcassets */,
				8333E1E82568CAA900A5F79E /* LaunchScreen.storyboard */,
				8333E1EB2568CAA900A5F79E /* Info.plist */,
			);
			path = "SMLinkPreview-SPM-Example";
			sourceTree = "<group>";
		};
		8333E1FB2568CDB600A5F79E /* Local Packages */ = {
			isa = PBXGroup;
			children = (
				8333E1FC2568CDDC00A5F79E /* SMLinkPreview */,
			);
			path = "Local Packages";
			sourceTree = "<group>";
		};
/* End PBXGroup section */

/* Begin PBXNativeTarget section */
		8333E1D92568CAA700A5F79E /* SMLinkPreview-SPM-Example */ = {
			isa = PBXNativeTarget;
			buildConfigurationList = 8333E1EE2568CAA900A5F79E /* Build configuration list for PBXNativeTarget "SMLinkPreview-SPM-Example" */;
			buildPhases = (
				8333E1D62568CAA700A5F79E /* Sources */,
				8333E1D72568CAA700A5F79E /* Frameworks */,
				8333E1D82568CAA700A5F79E /* Resources */,
			);
			buildRules = (
			);
			dependencies = (
			);
			name = "SMLinkPreview-SPM-Example";
			packageProductDependencies = (
				8333E1F32568CBA800A5F79E /* SMLinkPreview */,
			);
			productName = "SMLinkPreview-SPM-Example";
			productReference = 8333E1DA2568CAA700A5F79E /* SMLinkPreview-SPM-Example.app */;
			productType = "com.apple.product-type.application";
		};
/* End PBXNativeTarget section */

/* Begin PBXProject section */
		8333E1D22568CAA700A5F79E /* Project object */ = {
			isa = PBXProject;
			attributes = {
				LastSwiftUpdateCheck = 1220;
				LastUpgradeCheck = 1220;
				TargetAttributes = {
					8333E1D92568CAA700A5F79E = {
						CreatedOnToolsVersion = 12.2;
					};
				};
			};
			buildConfigurationList = 8333E1D52568CAA700A5F79E /* Build configuration list for PBXProject "SMLinkPreview-SPM-Example" */;
			compatibilityVersion = "Xcode 9.3";
			developmentRegion = en;
			hasScannedForEncodings = 0;
			knownRegions = (
				en,
				Base,
			);
			mainGroup = 8333E1D12568CAA700A5F79E;
			packageReferences = (
				8333E1F22568CBA800A5F79E /* XCRemoteSwiftPackageReference "SMLinkPreview" */,
			);
			productRefGroup = 8333E1DB2568CAA700A5F79E /* Products */;
			projectDirPath = "";
			projectRoot = "";
			targets = (
				8333E1D92568CAA700A5F79E /* SMLinkPreview-SPM-Example */,
			);
		};
/* End PBXProject section */

/* Begin PBXResourcesBuildPhase section */
		8333E1D82568CAA700A5F79E /* Resources */ = {
			isa = PBXResourcesBuildPhase;
			buildActionMask = 2147483647;
			files = (
				8333E1F82568CBC500A5F79E /* LinkPreviewCell.xib in Resources */,
				8333E1EA2568CAA900A5F79E /* LaunchScreen.storyboard in Resources */,
				8333E1E72568CAA900A5F79E /* Assets.xcassets in Resources */,
				8333E1E52568CAA700A5F79E /* Main.storyboard in Resources */,
			);
			runOnlyForDeploymentPostprocessing = 0;
		};
/* End PBXResourcesBuildPhase section */

/* Begin PBXSourcesBuildPhase section */
		8333E1D62568CAA700A5F79E /* Sources */ = {
			isa = PBXSourcesBuildPhase;
			buildActionMask = 2147483647;
			files = (
				8333E1F92568CBC500A5F79E /* LinkPreviewCell.swift in Sources */,
				8333E1E22568CAA700A5F79E /* ViewController.swift in Sources */,
				8333E1DE2568CAA700A5F79E /* AppDelegate.swift in Sources */,
				8333E1E02568CAA700A5F79E /* SceneDelegate.swift in Sources */,
			);
			runOnlyForDeploymentPostprocessing = 0;
		};
/* End PBXSourcesBuildPhase section */

/* Begin PBXVariantGroup section */
		8333E1E32568CAA700A5F79E /* Main.storyboard */ = {
			isa = PBXVariantGroup;
			children = (
				8333E1E42568CAA700A5F79E /* Base */,
			);
			name = Main.storyboard;
			sourceTree = "<group>";
		};
		8333E1E82568CAA900A5F79E /* LaunchScreen.storyboard */ = {
			isa = PBXVariantGroup;
			children = (
				8333E1E92568CAA900A5F79E /* Base */,
			);
			name = LaunchScreen.storyboard;
			sourceTree = "<group>";
		};
/* End PBXVariantGroup section */

/* Begin XCBuildConfiguration section */
		8333E1EC2568CAA900A5F79E /* Debug */ = {
			isa = XCBuildConfiguration;
			buildSettings = {
				ALWAYS_SEARCH_USER_PATHS = NO;
				CLANG_ANALYZER_NONNULL = YES;
				CLANG_ANALYZER_NUMBER_OBJECT_CONVERSION = YES_AGGRESSIVE;
				CLANG_CXX_LANGUAGE_STANDARD = "gnu++14";
				CLANG_CXX_LIBRARY = "libc++";
				CLANG_ENABLE_MODULES = YES;
				CLANG_ENABLE_OBJC_ARC = YES;
				CLANG_ENABLE_OBJC_WEAK = YES;
				CLANG_WARN_BLOCK_CAPTURE_AUTORELEASING = YES;
				CLANG_WARN_BOOL_CONVERSION = YES;
				CLANG_WARN_COMMA = YES;
				CLANG_WARN_CONSTANT_CONVERSION = YES;
				CLANG_WARN_DEPRECATED_OBJC_IMPLEMENTATIONS = YES;
				CLANG_WARN_DIRECT_OBJC_ISA_USAGE = YES_ERROR;
				CLANG_WARN_DOCUMENTATION_COMMENTS = YES;
				CLANG_WARN_EMPTY_BODY = YES;
				CLANG_WARN_ENUM_CONVERSION = YES;
				CLANG_WARN_INFINITE_RECURSION = YES;
				CLANG_WARN_INT_CONVERSION = YES;
				CLANG_WARN_NON_LITERAL_NULL_CONVERSION = YES;
				CLANG_WARN_OBJC_IMPLICIT_RETAIN_SELF = YES;
				CLANG_WARN_OBJC_LITERAL_CONVERSION = YES;
				CLANG_WARN_OBJC_ROOT_CLASS = YES_ERROR;
				CLANG_WARN_QUOTED_INCLUDE_IN_FRAMEWORK_HEADER = YES;
				CLANG_WARN_RANGE_LOOP_ANALYSIS = YES;
				CLANG_WARN_STRICT_PROTOTYPES = YES;
				CLANG_WARN_SUSPICIOUS_MOVE = YES;
				CLANG_WARN_UNGUARDED_AVAILABILITY = YES_AGGRESSIVE;
				CLANG_WARN_UNREACHABLE_CODE = YES;
				CLANG_WARN__DUPLICATE_METHOD_MATCH = YES;
				COPY_PHASE_STRIP = NO;
				DEBUG_INFORMATION_FORMAT = dwarf;
				ENABLE_STRICT_OBJC_MSGSEND = YES;
				ENABLE_TESTABILITY = YES;
				GCC_C_LANGUAGE_STANDARD = gnu11;
				GCC_DYNAMIC_NO_PIC = NO;
				GCC_NO_COMMON_BLOCKS = YES;
				GCC_OPTIMIZATION_LEVEL = 0;
				GCC_PREPROCESSOR_DEFINITIONS = (
					"DEBUG=1",
					"$(inherited)",
				);
				GCC_WARN_64_TO_32_BIT_CONVERSION = YES;
				GCC_WARN_ABOUT_RETURN_TYPE = YES_ERROR;
				GCC_WARN_UNDECLARED_SELECTOR = YES;
				GCC_WARN_UNINITIALIZED_AUTOS = YES_AGGRESSIVE;
				GCC_WARN_UNUSED_FUNCTION = YES;
				GCC_WARN_UNUSED_VARIABLE = YES;
				IPHONEOS_DEPLOYMENT_TARGET = 14.2;
				MTL_ENABLE_DEBUG_INFO = INCLUDE_SOURCE;
				MTL_FAST_MATH = YES;
				ONLY_ACTIVE_ARCH = YES;
				SDKROOT = iphoneos;
				SWIFT_ACTIVE_COMPILATION_CONDITIONS = DEBUG;
				SWIFT_OPTIMIZATION_LEVEL = "-Onone";
			};
			name = Debug;
		};
		8333E1ED2568CAA900A5F79E /* Release */ = {
			isa = XCBuildConfiguration;
			buildSettings = {
				ALWAYS_SEARCH_USER_PATHS = NO;
				CLANG_ANALYZER_NONNULL = YES;
				CLANG_ANALYZER_NUMBER_OBJECT_CONVERSION = YES_AGGRESSIVE;
				CLANG_CXX_LANGUAGE_STANDARD = "gnu++14";
				CLANG_CXX_LIBRARY = "libc++";
				CLANG_ENABLE_MODULES = YES;
				CLANG_ENABLE_OBJC_ARC = YES;
				CLANG_ENABLE_OBJC_WEAK = YES;
				CLANG_WARN_BLOCK_CAPTURE_AUTORELEASING = YES;
				CLANG_WARN_BOOL_CONVERSION = YES;
				CLANG_WARN_COMMA = YES;
				CLANG_WARN_CONSTANT_CONVERSION = YES;
				CLANG_WARN_DEPRECATED_OBJC_IMPLEMENTATIONS = YES;
				CLANG_WARN_DIRECT_OBJC_ISA_USAGE = YES_ERROR;
				CLANG_WARN_DOCUMENTATION_COMMENTS = YES;
				CLANG_WARN_EMPTY_BODY = YES;
				CLANG_WARN_ENUM_CONVERSION = YES;
				CLANG_WARN_INFINITE_RECURSION = YES;
				CLANG_WARN_INT_CONVERSION = YES;
				CLANG_WARN_NON_LITERAL_NULL_CONVERSION = YES;
				CLANG_WARN_OBJC_IMPLICIT_RETAIN_SELF = YES;
				CLANG_WARN_OBJC_LITERAL_CONVERSION = YES;
				CLANG_WARN_OBJC_ROOT_CLASS = YES_ERROR;
				CLANG_WARN_QUOTED_INCLUDE_IN_FRAMEWORK_HEADER = YES;
				CLANG_WARN_RANGE_LOOP_ANALYSIS = YES;
				CLANG_WARN_STRICT_PROTOTYPES = YES;
				CLANG_WARN_SUSPICIOUS_MOVE = YES;
				CLANG_WARN_UNGUARDED_AVAILABILITY = YES_AGGRESSIVE;
				CLANG_WARN_UNREACHABLE_CODE = YES;
				CLANG_WARN__DUPLICATE_METHOD_MATCH = YES;
				COPY_PHASE_STRIP = NO;
				DEBUG_INFORMATION_FORMAT = "dwarf-with-dsym";
				ENABLE_NS_ASSERTIONS = NO;
				ENABLE_STRICT_OBJC_MSGSEND = YES;
				GCC_C_LANGUAGE_STANDARD = gnu11;
				GCC_NO_COMMON_BLOCKS = YES;
				GCC_WARN_64_TO_32_BIT_CONVERSION = YES;
				GCC_WARN_ABOUT_RETURN_TYPE = YES_ERROR;
				GCC_WARN_UNDECLARED_SELECTOR = YES;
				GCC_WARN_UNINITIALIZED_AUTOS = YES_AGGRESSIVE;
				GCC_WARN_UNUSED_FUNCTION = YES;
				GCC_WARN_UNUSED_VARIABLE = YES;
				IPHONEOS_DEPLOYMENT_TARGET = 14.2;
				MTL_ENABLE_DEBUG_INFO = NO;
				MTL_FAST_MATH = YES;
				SDKROOT = iphoneos;
				SWIFT_COMPILATION_MODE = wholemodule;
				SWIFT_OPTIMIZATION_LEVEL = "-O";
				VALIDATE_PRODUCT = YES;
			};
			name = Release;
		};
		8333E1EF2568CAA900A5F79E /* Debug */ = {
			isa = XCBuildConfiguration;
			buildSettings = {
				ASSETCATALOG_COMPILER_APPICON_NAME = AppIcon;
				ASSETCATALOG_COMPILER_GLOBAL_ACCENT_COLOR_NAME = AccentColor;
				CODE_SIGN_STYLE = Automatic;
				DEVELOPMENT_TEAM = BH68R29JBE;
				INFOPLIST_FILE = "SMLinkPreview-SPM-Example/Info.plist";
				LD_RUNPATH_SEARCH_PATHS = (
					"$(inherited)",
					"@executable_path/Frameworks",
				);
				PRODUCT_BUNDLE_IDENTIFIER = "biz.SpasticMuffin.SMLinkPreview-SPM-Example";
				PRODUCT_NAME = "$(TARGET_NAME)";
				SWIFT_VERSION = 5.0;
				TARGETED_DEVICE_FAMILY = "1,2";
			};
			name = Debug;
		};
		8333E1F02568CAA900A5F79E /* Release */ = {
			isa = XCBuildConfiguration;
			buildSettings = {
				ASSETCATALOG_COMPILER_APPICON_NAME = AppIcon;
				ASSETCATALOG_COMPILER_GLOBAL_ACCENT_COLOR_NAME = AccentColor;
				CODE_SIGN_STYLE = Automatic;
				DEVELOPMENT_TEAM = BH68R29JBE;
				INFOPLIST_FILE = "SMLinkPreview-SPM-Example/Info.plist";
				LD_RUNPATH_SEARCH_PATHS = (
					"$(inherited)",
					"@executable_path/Frameworks",
				);
				PRODUCT_BUNDLE_IDENTIFIER = "biz.SpasticMuffin.SMLinkPreview-SPM-Example";
				PRODUCT_NAME = "$(TARGET_NAME)";
				SWIFT_VERSION = 5.0;
				TARGETED_DEVICE_FAMILY = "1,2";
			};
			name = Release;
		};
/* End XCBuildConfiguration section */

/* Begin XCConfigurationList section */
		8333E1D52568CAA700A5F79E /* Build configuration list for PBXProject "SMLinkPreview-SPM-Example" */ = {
			isa = XCConfigurationList;
			buildConfigurations = (
				8333E1EC2568CAA900A5F79E /* Debug */,
				8333E1ED2568CAA900A5F79E /* Release */,
			);
			defaultConfigurationIsVisible = 0;
			defaultConfigurationName = Release;
		};
		8333E1EE2568CAA900A5F79E /* Build configuration list for PBXNativeTarget "SMLinkPreview-SPM-Example" */ = {
			isa = XCConfigurationList;
			buildConfigurations = (
				8333E1EF2568CAA900A5F79E /* Debug */,
				8333E1F02568CAA900A5F79E /* Release */,
			);
			defaultConfigurationIsVisible = 0;
			defaultConfigurationName = Release;
		};
/* End XCConfigurationList section */

/* Begin XCRemoteSwiftPackageReference section */
		8333E1F22568CBA800A5F79E /* XCRemoteSwiftPackageReference "SMLinkPreview" */ = {
			isa = XCRemoteSwiftPackageReference;
			repositoryURL = "https://github.com/crspybits/SMLinkPreview";
			requirement = {
				branch = master;
				kind = branch;
			};
		};
/* End XCRemoteSwiftPackageReference section */

/* Begin XCSwiftPackageProductDependency section */
		8333E1F32568CBA800A5F79E /* SMLinkPreview */ = {
			isa = XCSwiftPackageProductDependency;
			package = 8333E1F22568CBA800A5F79E /* XCRemoteSwiftPackageReference "SMLinkPreview" */;
			productName = SMLinkPreview;
		};
/* End XCSwiftPackageProductDependency section */
	};
	rootObject = 8333E1D22568CAA700A5F79E /* Project object */;
}
